
Microsoft Visual Studio Solution File, Format Version 12.00
# Visual Studio Version 17
VisualStudioVersion = 17.11.35208.52
MinimumVisualStudioVersion = 10.0.40219.1
Project("{FAE04EC0-301F-11D3-BF4B-00C04F79EFBC}") = "Week 1 Pratical", "Week 1 Pratical\Week 1 Pratical.csproj", "{8F6F7E4F-15E1-44EA-9EE5-AAFDC6E6DBF0}"
EndProject
Global
	GlobalSection(SolutionConfigurationPlatforms) = preSolution
		Debug|Any CPU = Debug|Any CPU
		Release|Any CPU = Release|Any CPU
	EndGlobalSection
	GlobalSection(ProjectConfigurationPlatforms) = postSolution
		{8F6F7E4F-15E1-44EA-9EE5-AAFDC6E6DBF0}.Debug|Any CPU.ActiveCfg = Debug|Any CPU
		{8F6F7E4F-15E1-44EA-9EE5-AAFDC6E6DBF0}.Debug|Any CPU.Build.0 = Debug|Any CPU
		{8F6F7E4F-15E1-44EA-9EE5-AAFDC6E6DBF0}.Release|Any CPU.ActiveCfg = Release|Any CPU
		{8F6F7E4F-15E1-44EA-9EE5-AAFDC6E6DBF0}.Release|Any CPU.Build.0 = Release|Any CPU
	EndGlobalSection
	GlobalSection(SolutionProperties) = preSolution
		HideSolutionNode = FALSE
	EndGlobalSection
	GlobalSection(ExtensibilityGlobals) = postSolution
		SolutionGuid = {19346E8E-50B1-4B7C-99D1-4AA67D0F3101}
	EndGlobalSection
EndGlobal
